lockfileVersion: '9.0'

settings:
  autoInstallPeers: true
  excludeLinksFromLockfile: false

importers:

  .:
    dependencies:
      cldr-core:
        specifier: ^48.0
        version: 48.0.0

packages:

  cldr-core@48.0.0:
    resolution: {integrity: sha512-iQnK68eOjEsHEOwCvi2CI7xbjcVlCdaSNTQrkwCgEMnyZUbHCgF0GPw2CXi0D2IGz+9Pj80cmcWzRFcF6zdrYQ==}

snapshots:

  cldr-core@48.0.0: {}
