# THIS IS AN AUTOGENERATED FILE. DO NOT EDIT THIS FILE DIRECTLY.
# yarn lockfile v1


cldr-core@^41.0:
  version "41.0.0"
  resolved "https://registry.yarnpkg.com/cldr-core/-/cldr-core-41.0.0.tgz#a2235b53d4a06e241bdbc4616eb22f68b29a4f3d"
  integrity sha512-8UL/NVueD9BeyrYGjZWrAvhowmQt4THriUB04jxRHWST9Lmc9K1pISPjnbh0kIfRueslZ37EvQ53dxOm5w8pjQ==
