# THIS IS AN AUTOGENERATED FILE. DO NOT EDIT THIS FILE DIRECTLY.
# yarn lockfile v1


cldr-core@^42.0:
  version "42.0.0"
  resolved "https://registry.yarnpkg.com/cldr-core/-/cldr-core-42.0.0.tgz#1ad20aa2cb2a189d7dc207cd576e5e22c7079927"
  integrity sha512-9Sqy6zdOkt3c3A56hpSM9lvMyUM8h78iJ4JzX1u+kQvUz/Vbvqnm8ySxgWfe8lpx1Hrl30dg8NWdTlcKCpLIbg==
