# THIS IS AN AUTOGENERATED FILE. DO NOT EDIT THIS FILE DIRECTLY.
# yarn lockfile v1


cldr-core@^45.0:
  version "45.0.0"
  resolved "https://registry.yarnpkg.com/cldr-core/-/cldr-core-45.0.0.tgz#bbb77f479a62e3913999cce1c2c94b8834feffa9"
  integrity sha512-gQVxy3gzOQpXiTRGmlKiRQFLYimrr1RgvqGKZCS61JgmdkeNm7+LZGx+Lhw5/AW0t8WMM/uZhf4CMva6LuUobQ==
